
Microsoft Visual Studio Solution File, Format Version 12.00
# Visual Studio Version 16
VisualStudioVersion = 16.0.32901.82
MinimumVisualStudioVersion = 10.0.40219.1
Project("{FAE04EC0-301F-11D3-BF4B-00C04F79EFBC}") = "Assignment5", "Assignment5\Assignment5.csproj", "{564BA962-5545-4B3E-AA4F-E2E4FF49CD5C}"
EndProject
Global
	GlobalSection(SolutionConfigurationPlatforms) = preSolution
		Debug|Any CPU = Debug|Any CPU
		Release|Any CPU = Release|Any CPU
	EndGlobalSection
	GlobalSection(ProjectConfigurationPlatforms) = postSolution
		{564BA962-5545-4B3E-AA4F-E2E4FF49CD5C}.Debug|Any CPU.ActiveCfg = Debug|Any CPU
		{564BA962-5545-4B3E-AA4F-E2E4FF49CD5C}.Debug|Any CPU.Build.0 = Debug|Any CPU
		{564BA962-5545-4B3E-AA4F-E2E4FF49CD5C}.Release|Any CPU.ActiveCfg = Release|Any CPU
		{564BA962-5545-4B3E-AA4F-E2E4FF49CD5C}.Release|Any CPU.Build.0 = Release|Any CPU
	EndGlobalSection
	GlobalSection(SolutionProperties) = preSolution
		HideSolutionNode = FALSE
	EndGlobalSection
	GlobalSection(ExtensibilityGlobals) = postSolution
		SolutionGuid = {1AE41FA3-8F6B-4E29-A0C8-14C76549CE52}
	EndGlobalSection
EndGlobal
